Microsoft Visual Studio Solution File, Format Version 8.00
Project("{FAE04EC0-301F-11D3-BF4B-00C04F79EFBC}") = "WinTest", "WinTest.csproj", "{F3299EB1-0BF4-49B7-97CF-E90BAA9EDAE1}"
	ProjectSection(ProjectDependencies) = postProject
	EndProjectSection
EndProject
Global
	GlobalSection(SolutionConfiguration) = preSolution
		Debug = Debug
		Release = Release
	EndGlobalSection
	GlobalSection(ProjectConfiguration) = postSolution
		{F3299EB1-0BF4-49B7-97CF-E90BAA9EDAE1}.Debug.ActiveCfg = Debug|.NET
		{F3299EB1-0BF4-49B7-97CF-E90BAA9EDAE1}.Debug.Build.0 = Debug|.NET
		{F3299EB1-0BF4-49B7-97CF-E90BAA9EDAE1}.Release.ActiveCfg = Release|.NET
		{F3299EB1-0BF4-49B7-97CF-E90BAA9EDAE1}.Release.Build.0 = Release|.NET
	EndGlobalSection
	GlobalSection(ExtensibilityGlobals) = postSolution
	EndGlobalSection
	GlobalSection(ExtensibilityAddIns) = postSolution
	EndGlobalSection
EndGlobal
